
Microsoft Visual Studio Solution File, Format Version 12.00
# Visual Studio Version 18
VisualStudioVersion = 18.0.11222.15 d18.0
MinimumVisualStudioVersion = 10.0.40219.1
Project("{2150E333-8FDC-42A3-9474-1A3956D46DE8}") = "src", "src", "{BF3659DB-91B4-4BDD-918A-1BE0B30C081B}"
EndProject
Project("{FAE04EC0-301F-11D3-BF4B-00C04F79EFBC}") = "PruebaTecnicaCarsales.Api", "src\PruebaTecnicaCarsales.Api\PruebaTecnicaCarsales.Api.csproj", "{1431203A-F208-4D96-989A-C44CE8AA1CA4}"
EndProject
Global
	GlobalSection(SolutionConfigurationPlatforms) = preSolution
		Debug|Any CPU = Debug|Any CPU
		Release|Any CPU = Release|Any CPU
	EndGlobalSection
	GlobalSection(ProjectConfigurationPlatforms) = postSolution
		{1431203A-F208-4D96-989A-C44CE8AA1CA4}.Debug|Any CPU.ActiveCfg = Debug|Any CPU
		{1431203A-F208-4D96-989A-C44CE8AA1CA4}.Debug|Any CPU.Build.0 = Debug|Any CPU
		{1431203A-F208-4D96-989A-C44CE8AA1CA4}.Release|Any CPU.ActiveCfg = Release|Any CPU
		{1431203A-F208-4D96-989A-C44CE8AA1CA4}.Release|Any CPU.Build.0 = Release|Any CPU
	EndGlobalSection
	GlobalSection(SolutionProperties) = preSolution
		HideSolutionNode = FALSE
	EndGlobalSection
	GlobalSection(NestedProjects) = preSolution
		{1431203A-F208-4D96-989A-C44CE8AA1CA4} = {BF3659DB-91B4-4BDD-918A-1BE0B30C081B}
	EndGlobalSection
EndGlobal
